
Microsoft Visual Studio Solution File, Format Version 12.00
# Visual Studio Version 17
VisualStudioVersion = 17.5.33502.453
MinimumVisualStudioVersion = 10.0.40219.1
Project("{FAE04EC0-301F-11D3-BF4B-00C04F79EFBC}") = "Fundamentos.Api", "src\Fundamentos.Api\Fundamentos.Api.csproj", "{0AE7205E-6D71-4945-B115-01C4A65E2BFC}"
EndProject
Global
	GlobalSection(SolutionConfigurationPlatforms) = preSolution
		Debug|Any CPU = Debug|Any CPU
		Release|Any CPU = Release|Any CPU
	EndGlobalSection
	GlobalSection(ProjectConfigurationPlatforms) = postSolution
		{0AE7205E-6D71-4945-B115-01C4A65E2BFC}.Debug|Any CPU.ActiveCfg = Debug|Any CPU
		{0AE7205E-6D71-4945-B115-01C4A65E2BFC}.Debug|Any CPU.Build.0 = Debug|Any CPU
		{0AE7205E-6D71-4945-B115-01C4A65E2BFC}.Release|Any CPU.ActiveCfg = Release|Any CPU
		{0AE7205E-6D71-4945-B115-01C4A65E2BFC}.Release|Any CPU.Build.0 = Release|Any CPU
	EndGlobalSection
	GlobalSection(SolutionProperties) = preSolution
		HideSolutionNode = FALSE
	EndGlobalSection
	GlobalSection(ExtensibilityGlobals) = postSolution
		SolutionGuid = {5623E532-7586-45B2-BF83-154BD1B97610}
	EndGlobalSection
EndGlobal
